set_global_assignment -name FAMILY "MAX 10"
set_global_assignment -name DEVICE 10M50DAF484C7G
set_global_assignment -name TOP_LEVEL_ENTITY top
set_global_assignment -name SYSTEMVERILOG_FILE buffer_ram.sv
set_global_assignment -name SYSTEMVERILOG_FILE jtag_bridge.sv
set_global_assignment -name SYSTEMVERILOG_FILE system_stub.sv
set_global_assignment -name SYSTEMVERILOG_FILE top.sv
set_global_assignment -name SDC_FILE top.sdc
set_location_assignment PIN_P11 -to MAX10_CLK1_50
set_location_assignment PIN_B8 -to KEY[0]
set_instance_assignment -name IO_STANDARD "3.3-V LVTTL" -to MAX10_CLK1_50
set_instance_assignment -name IO_STANDARD "3.3 V SCHMITT TRIGGER" -to KEY[0]
set_location_assignment PIN_A8 -to LEDR[0]
set_location_assignment PIN_A9 -to LEDR[1]
set_location_assignment PIN_A10 -to LEDR[2]
set_location_assignment PIN_B10 -to LEDR[3]
set_location_assignment PIN_D13 -to LEDR[4]
set_location_assignment PIN_C13 -to LEDR[5]
set_location_assignment PIN_E14 -to LEDR[6]
set_location_assignment PIN_D14 -to LEDR[7]
set_location_assignment PIN_A11 -to LEDR[8]
set_location_assignment PIN_B11 -to LEDR[9]
set_instance_assignment -name IO_STANDARD "3.3-V LVTTL" -to LEDR[0]
set_instance_assignment -name IO_STANDARD "3.3-V LVTTL" -to LEDR[1]
set_instance_assignment -name IO_STANDARD "3.3-V LVTTL" -to LEDR[2]
set_instance_assignment -name IO_STANDARD "3.3-V LVTTL" -to LEDR[3]
set_instance_assignment -name IO_STANDARD "3.3-V LVTTL" -to LEDR[4]
set_instance_assignment -name IO_STANDARD "3.3-V LVTTL" -to LEDR[5]
set_instance_assignment -name IO_STANDARD "3.3-V LVTTL" -to LEDR[6]
set_instance_assignment -name IO_STANDARD "3.3-V LVTTL" -to LEDR[7]
set_instance_assignment -name IO_STANDARD "3.3-V LVTTL" -to LEDR[8]
set_instance_assignment -name IO_STANDARD "3.3-V LVTTL" -to LEDR[9]
set_global_assignment -name LAST_QUARTUS_VERSION "23.1std.1 Lite Edition"